// !$*UTF8*$!
{
	archiveVersion = 1;
	classes = {
	};
	objectVersion = 46;
	objects = {

/* Begin PBXBuildFile section */
		A902A7EC17E3A1B100A16863 /* juanDiegoLogo.jpg in Resources */ = {isa = PBXBuildFile; fileRef = A902A7EB17E3A1B100A16863 /* juanDiegoLogo.jpg */; };
		A9075B1717A9992F000C2134 /* eagle.mp3 in Resources */ = {isa = PBXBuildFile; fileRef = A9075B1617A9992F000C2134 /* eagle.mp3 */; };
		A91CE55317A1C12000C5743C /* powerschoolLogo.png in Resources */ = {isa = PBXBuildFile; fileRef = A91CE55217A1C12000C5743C /* powerschoolLogo.png */; };
		A91CE55417A1C12000C5743C /* powerschoolLogo.png in Resources */ = {isa = PBXBuildFile; fileRef = A91CE55217A1C12000C5743C /* powerschoolLogo.png */; };
		A91CE55617A1C55000C5743C /* Parse.framework in Frameworks */ = {isa = PBXBuildFile; fileRef = A91CE55517A1C55000C5743C /* Parse.framework */; };
		A91CE55717A1C55000C5743C /* Parse.framework in Frameworks */ = {isa = PBXBuildFile; fileRef = A91CE55517A1C55000C5743C /* Parse.framework */; };
		A91CE55917A1C58000C5743C /* AudioToolbox.framework in Frameworks */ = {isa = PBXBuildFile; fileRef = A91CE55817A1C58000C5743C /* AudioToolbox.framework */; };
		A91CE55B17A1C58800C5743C /* CFNetwork.framework in Frameworks */ = {isa = PBXBuildFile; fileRef = A91CE55A17A1C58800C5743C /* CFNetwork.framework */; };
		A91CE55D17A1C59C00C5743C /* CoreLocation.framework in Frameworks */ = {isa = PBXBuildFile; fileRef = A91CE55C17A1C59C00C5743C /* CoreLocation.framework */; };
		A91CE55F17A1C5B200C5743C /* libz.1.1.3.dylib in Frameworks */ = {isa = PBXBuildFile; fileRef = A91CE55E17A1C5B200C5743C /* libz.1.1.3.dylib */; };
		A91CE56117A1C5BB00C5743C /* MobileCoreServices.framework in Frameworks */ = {isa = PBXBuildFile; fileRef = A91CE56017A1C5BB00C5743C /* MobileCoreServices.framework */; };
		A91CE56317A1C5C200C5743C /* QuartzCore.framework in Frameworks */ = {isa = PBXBuildFile; fileRef = A91CE56217A1C5C200C5743C /* QuartzCore.framework */; };
		A91CE56517A1C5CA00C5743C /* Security.framework in Frameworks */ = {isa = PBXBuildFile; fileRef = A91CE56417A1C5CA00C5743C /* Security.framework */; };
		A91CE56917A1C5DE00C5743C /* SystemConfiguration.framework in Frameworks */ = {isa = PBXBuildFile; fileRef = A91CE56817A1C5DE00C5743C /* SystemConfiguration.framework */; };
		A92A5E3617B0437100F3AD31 /* GoogCal.m in Sources */ = {isa = PBXBuildFile; fileRef = A92A5E3117B0437100F3AD31 /* GoogCal.m */; };
		A92A5E3717B0437100F3AD31 /* GoogleCalenderReader-Info.plist in Resources */ = {isa = PBXBuildFile; fileRef = A92A5E3217B0437100F3AD31 /* GoogleCalenderReader-Info.plist */; };
		A92A5E3817B0437100F3AD31 /* ISO8601DateFormatter.m in Sources */ = {isa = PBXBuildFile; fileRef = A92A5E3517B0437100F3AD31 /* ISO8601DateFormatter.m */; };
		A93EEB9617C2E09C005A8A3C /* youtube.png in Resources */ = {isa = PBXBuildFile; fileRef = A93EEB9517C2E09C005A8A3C /* youtube.png */; };
		A93F8E1A17D2546B00E1D6B1 /* Handbook.pdf in Resources */ = {isa = PBXBuildFile; fileRef = A93F8E1917D2546B00E1D6B1 /* Handbook.pdf */; };
		A94AC72D17BAA2CD008143A3 /* splashScreen.png in Resources */ = {isa = PBXBuildFile; fileRef = A94AC72C17BAA2CD008143A3 /* splashScreen.png */; };
		A960C02C17B16740003ABDC3 /* HomeViewController.m in Sources */ = {isa = PBXBuildFile; fileRef = A960C02B17B16740003ABDC3 /* HomeViewController.m */; };
		A966DB8317E9342D002B0A61 /* PlannerViewController.m in Sources */ = {isa = PBXBuildFile; fileRef = A966DB8217E9342D002B0A61 /* PlannerViewController.m */; };
		A966DB8617EA0A49002B0A61 /* AddPlannerItemViewController.m in Sources */ = {isa = PBXBuildFile; fileRef = A966DB8517EA0A49002B0A61 /* AddPlannerItemViewController.m */; };
		A97AB45617A73DE8003DB7AB /* Icon-Small@2x.png in Resources */ = {isa = PBXBuildFile; fileRef = A97AB45417A73DE8003DB7AB /* Icon-Small@2x.png */; };
		A97AB45D17A74124003DB7AB /* appIcon@2x.png in Resources */ = {isa = PBXBuildFile; fileRef = A97AB45C17A74124003DB7AB /* appIcon@2x.png */; };
		A97AB45F17A7415D003DB7AB /* appIconSpotlight@2x.png in Resources */ = {isa = PBXBuildFile; fileRef = A97AB45E17A7415D003DB7AB /* appIconSpotlight@2x.png */; };
		A989086C17BBE6F000B7D2A6 /* PowerschoolViewController.m in Sources */ = {isa = PBXBuildFile; fileRef = A989086B17BBE6F000B7D2A6 /* PowerschoolViewController.m */; };
		A989087917BD2F1C00B7D2A6 /* phoneIcon.png in Resources */ = {isa = PBXBuildFile; fileRef = A989087817BD2F1C00B7D2A6 /* phoneIcon.png */; };
		A99CCD8417AAEB2500098F41 /* booksTabBarIcon.png in Resources */ = {isa = PBXBuildFile; fileRef = A99CCD8117AAEB2500098F41 /* booksTabBarIcon.png */; };
		A99CCD8517AAEB2500098F41 /* homeTabBarIcon.png in Resources */ = {isa = PBXBuildFile; fileRef = A99CCD8217AAEB2500098F41 /* homeTabBarIcon.png */; };
		A99CCD8617AAEB2500098F41 /* pencilTabBarIcon.png in Resources */ = {isa = PBXBuildFile; fileRef = A99CCD8317AAEB2500098F41 /* pencilTabBarIcon.png */; };
		A99CCD8917AAEC7000098F41 /* InfoViewController.m in Sources */ = {isa = PBXBuildFile; fileRef = A99CCD8817AAEC7000098F41 /* InfoViewController.m */; };
		A99CCD8B17AAEF4000098F41 /* MapKit.framework in Frameworks */ = {isa = PBXBuildFile; fileRef = A99CCD8A17AAEF4000098F41 /* MapKit.framework */; };
		A99CCD9017AC18C100098F41 /* libxml2.dylib in Frameworks */ = {isa = PBXBuildFile; fileRef = A99CCD8F17AC18C100098F41 /* libxml2.dylib */; };
		A99CCDA817ACB43E00098F41 /* SocialIntegrationViewController.m in Sources */ = {isa = PBXBuildFile; fileRef = A99CCDA717ACB43E00098F41 /* SocialIntegrationViewController.m */; };
		A99CCDAE17ACCB1B00098F41 /* facebookButton.png in Resources */ = {isa = PBXBuildFile; fileRef = A99CCDAB17ACCB1B00098F41 /* facebookButton.png */; };
		A99CCDAF17ACCB1B00098F41 /* InstagramButton.png in Resources */ = {isa = PBXBuildFile; fileRef = A99CCDAC17ACCB1B00098F41 /* InstagramButton.png */; };
		A99CCDB017ACCB1B00098F41 /* TwitterButton.png in Resources */ = {isa = PBXBuildFile; fileRef = A99CCDAD17ACCB1B00098F41 /* TwitterButton.png */; };
		A9A6218C17A9E45B00F352AA /* HandbookViewController.m in Sources */ = {isa = PBXBuildFile; fileRef = A9A6218B17A9E45B00F352AA /* HandbookViewController.m */; };
		A9A6218E17A9EB9400F352AA /* atdLogo.png in Resources */ = {isa = PBXBuildFile; fileRef = A9A6218D17A9EB9400F352AA /* atdLogo.png */; };
		A9A6219017A9EC3B00F352AA /* borderpx.png in Resources */ = {isa = PBXBuildFile; fileRef = A9A6218F17A9EC3B00F352AA /* borderpx.png */; };
		A9A6219417A9EE5100F352AA /* parseLogo.jpg in Resources */ = {isa = PBXBuildFile; fileRef = A9A6219317A9EE5100F352AA /* parseLogo.jpg */; };
		A9C888D817ADB6D80021DD21 /* Default-568h@2x.png in Resources */ = {isa = PBXBuildFile; fileRef = A9C888D717ADB6D80021DD21 /* Default-568h@2x.png */; };
		A9CA3077177A02ED00B11328 /* Foundation.framework in Frameworks */ = {isa = PBXBuildFile; fileRef = A9CA3076177A02ED00B11328 /* Foundation.framework */; };
		A9CA3079177A02ED00B11328 /* CoreGraphics.framework in Frameworks */ = {isa = PBXBuildFile; fileRef = A9CA3078177A02ED00B11328 /* CoreGraphics.framework */; };
		A9CA307B177A02ED00B11328 /* UIKit.framework in Frameworks */ = {isa = PBXBuildFile; fileRef = A9CA307A177A02ED00B11328 /* UIKit.framework */; };
		A9CA3081177A02ED00B11328 /* InfoPlist.strings in Resources */ = {isa = PBXBuildFile; fileRef = A9CA307F177A02ED00B11328 /* InfoPlist.strings */; };
		A9CA3083177A02ED00B11328 /* main.m in Sources */ = {isa = PBXBuildFile; fileRef = A9CA3082177A02ED00B11328 /* main.m */; };
		A9CA3087177A02ED00B11328 /* AppDelegate.m in Sources */ = {isa = PBXBuildFile; fileRef = A9CA3086177A02ED00B11328 /* AppDelegate.m */; };
		A9CA308A177A02ED00B11328 /* Main.storyboard in Resources */ = {isa = PBXBuildFile; fileRef = A9CA3088177A02ED00B11328 /* Main.storyboard */; };
		A9CA3099177A02ED00B11328 /* XCTest.framework in Frameworks */ = {isa = PBXBuildFile; fileRef = A9CA3098177A02ED00B11328 /* XCTest.framework */; };
		A9CA309A177A02ED00B11328 /* Foundation.framework in Frameworks */ = {isa = PBXBuildFile; fileRef = A9CA3076177A02ED00B11328 /* Foundation.framework */; };
		A9CA309B177A02ED00B11328 /* UIKit.framework in Frameworks */ = {isa = PBXBuildFile; fileRef = A9CA307A177A02ED00B11328 /* UIKit.framework */; };
		A9CA30A3177A02ED00B11328 /* InfoPlist.strings in Resources */ = {isa = PBXBuildFile; fileRef = A9CA30A1177A02ED00B11328 /* InfoPlist.strings */; };
		A9CA30A5177A02ED00B11328 /* Juan_DiegoTests.m in Sources */ = {isa = PBXBuildFile; fileRef = A9CA30A4177A02ED00B11328 /* Juan_DiegoTests.m */; };
		A9F0376D17AF5ABE00DF4AAB /* backgroungImage.png in Resources */ = {isa = PBXBuildFile; fileRef = A9F0376C17AF5ABE00DF4AAB /* backgroungImage.png */; };
/* End PBXBuildFile section */

/* Begin PBXContainerItemProxy section */
		A9CA309C177A02ED00B11328 /* PBXContainerItemProxy */ = {
			isa = PBXContainerItemProxy;
			containerPortal = A9CA306B177A02ED00B11328 /* Project object */;
			proxyType = 1;
			remoteGlobalIDString = A9CA3072177A02ED00B11328;
			remoteInfo = "Juan Diego";
		};
/* End PBXContainerItemProxy section */

/* Begin PBXFileReference section */
		A902A7EB17E3A1B100A16863 /* juanDiegoLogo.jpg */ = {isa = PBXFileReference; lastKnownFileType = image.jpeg; path = juanDiegoLogo.jpg; sourceTree = "<group>"; };
		A9075B1617A9992F000C2134 /* eagle.mp3 */ = {isa = PBXFileReference; lastKnownFileType = audio.mp3; path = eagle.mp3; sourceTree = "<group>"; };
		A91CE55217A1C12000C5743C /* powerschoolLogo.png */ = {isa = PBXFileReference; lastKnownFileType = image.png; path = powerschoolLogo.png; sourceTree = "<group>"; };
		A91CE55517A1C55000C5743C /* Parse.framework */ = {isa = PBXFileReference; lastKnownFileType = wrapper.framework; path = Parse.framework; sourceTree = "<group>"; };
		A91CE55817A1C58000C5743C /* AudioToolbox.framework */ = {isa = PBXFileReference; lastKnownFileType = wrapper.framework; name = AudioToolbox.framework; path = System/Library/Frameworks/AudioToolbox.framework; sourceTree = SDKROOT; };
		A91CE55A17A1C58800C5743C /* CFNetwork.framework */ = {isa = PBXFileReference; lastKnownFileType = wrapper.framework; name = CFNetwork.framework; path = System/Library/Frameworks/CFNetwork.framework; sourceTree = SDKROOT; };
		A91CE55C17A1C59C00C5743C /* CoreLocation.framework */ = {isa = PBXFileReference; lastKnownFileType = wrapper.framework; name = CoreLocation.framework; path = System/Library/Frameworks/CoreLocation.framework; sourceTree = SDKROOT; };
		A91CE55E17A1C5B200C5743C /* libz.1.1.3.dylib */ = {isa = PBXFileReference; lastKnownFileType = "compiled.mach-o.dylib"; name = libz.1.1.3.dylib; path = usr/lib/libz.1.1.3.dylib; sourceTree = SDKROOT; };
		A91CE56017A1C5BB00C5743C /* MobileCoreServices.framework */ = {isa = PBXFileReference; lastKnownFileType = wrapper.framework; name = MobileCoreServices.framework; path = System/Library/Frameworks/MobileCoreServices.framework; sourceTree = SDKROOT; };
		A91CE56217A1C5C200C5743C /* QuartzCore.framework */ = {isa = PBXFileReference; lastKnownFileType = wrapper.framework; name = QuartzCore.framework; path = System/Library/Frameworks/QuartzCore.framework; sourceTree = SDKROOT; };
		A91CE56417A1C5CA00C5743C /* Security.framework */ = {isa = PBXFileReference; lastKnownFileType = wrapper.framework; name = Security.framework; path = System/Library/Frameworks/Security.framework; sourceTree = SDKROOT; };
		A91CE56817A1C5DE00C5743C /* SystemConfiguration.framework */ = {isa = PBXFileReference; lastKnownFileType = wrapper.framework; name = SystemConfiguration.framework; path = System/Library/Frameworks/SystemConfiguration.framework; sourceTree = SDKROOT; };
		A92A5E3017B0437100F3AD31 /* GoogCal.h */ = {isa = PBXFileReference; fileEncoding = 4; lastKnownFileType = sourcecode.c.h; path = GoogCal.h; sourceTree = "<group>"; };
		A92A5E3117B0437100F3AD31 /* GoogCal.m */ = {isa = PBXFileReference; fileEncoding = 4; lastKnownFileType = sourcecode.c.objc; path = GoogCal.m; sourceTree = "<group>"; };
		A92A5E3217B0437100F3AD31 /* GoogleCalenderReader-Info.plist */ = {isa = PBXFileReference; fileEncoding = 4; lastKnownFileType = text.plist.xml; path = "GoogleCalenderReader-Info.plist"; sourceTree = "<group>"; };
		A92A5E3317B0437100F3AD31 /* GoogleCalenderReader-Prefix.pch */ = {isa = PBXFileReference; fileEncoding = 4; lastKnownFileType = sourcecode.c.h; path = "GoogleCalenderReader-Prefix.pch"; sourceTree = "<group>"; };
		A92A5E3417B0437100F3AD31 /* ISO8601DateFormatter.h */ = {isa = PBXFileReference; fileEncoding = 4; lastKnownFileType = sourcecode.c.h; path = ISO8601DateFormatter.h; sourceTree = "<group>"; };
		A92A5E3517B0437100F3AD31 /* ISO8601DateFormatter.m */ = {isa = PBXFileReference; fileEncoding = 4; lastKnownFileType = sourcecode.c.objc; path = ISO8601DateFormatter.m; sourceTree = "<group>"; };
		A93EEB9517C2E09C005A8A3C /* youtube.png */ = {isa = PBXFileReference; lastKnownFileType = image.png; path = youtube.png; sourceTree = "<group>"; };
		A93F8E1917D2546B00E1D6B1 /* Handbook.pdf */ = {isa = PBXFileReference; lastKnownFileType = image.pdf; path = Handbook.pdf; sourceTree = "<group>"; };
		A94AC72C17BAA2CD008143A3 /* splashScreen.png */ = {isa = PBXFileReference; lastKnownFileType = image.png; path = splashScreen.png; sourceTree = "<group>"; };
		A960C02A17B16740003ABDC3 /* HomeViewController.h */ = {isa = PBXFileReference; fileEncoding = 4; lastKnownFileType = sourcecode.c.h; path = HomeViewController.h; sourceTree = "<group>"; };
		A960C02B17B16740003ABDC3 /* HomeViewController.m */ = {isa = PBXFileReference; fileEncoding = 4; lastKnownFileType = sourcecode.c.objc; path = HomeViewController.m; sourceTree = "<group>"; };
		A966DB8117E9342D002B0A61 /* PlannerViewController.h */ = {isa = PBXFileReference; fileEncoding = 4; lastKnownFileType = sourcecode.c.h; path = PlannerViewController.h; sourceTree = "<group>"; };
		A966DB8217E9342D002B0A61 /* PlannerViewController.m */ = {isa = PBXFileReference; fileEncoding = 4; lastKnownFileType = sourcecode.c.objc; path = PlannerViewController.m; sourceTree = "<group>"; };
		A966DB8417EA0A49002B0A61 /* AddPlannerItemViewController.h */ = {isa = PBXFileReference; fileEncoding = 4; lastKnownFileType = sourcecode.c.h; path = AddPlannerItemViewController.h; sourceTree = "<group>"; };
		A966DB8517EA0A49002B0A61 /* AddPlannerItemViewController.m */ = {isa = PBXFileReference; fileEncoding = 4; lastKnownFileType = sourcecode.c.objc; path = AddPlannerItemViewController.m; sourceTree = "<group>"; };
		A97AB45417A73DE8003DB7AB /* Icon-Small@2x.png */ = {isa = PBXFileReference; lastKnownFileType = image.png; path = "Icon-Small@2x.png"; sourceTree = "<group>"; };
		A97AB45C17A74124003DB7AB /* appIcon@2x.png */ = {isa = PBXFileReference; lastKnownFileType = image.png; path = "appIcon@2x.png"; sourceTree = "<group>"; };
		A97AB45E17A7415D003DB7AB /* appIconSpotlight@2x.png */ = {isa = PBXFileReference; lastKnownFileType = image.png; path = "appIconSpotlight@2x.png"; sourceTree = "<group>"; };
		A989086A17BBE6F000B7D2A6 /* PowerschoolViewController.h */ = {isa = PBXFileReference; fileEncoding = 4; lastKnownFileType = sourcecode.c.h; path = PowerschoolViewController.h; sourceTree = "<group>"; };
		A989086B17BBE6F000B7D2A6 /* PowerschoolViewController.m */ = {isa = PBXFileReference; fileEncoding = 4; lastKnownFileType = sourcecode.c.objc; path = PowerschoolViewController.m; sourceTree = "<group>"; };
		A989087817BD2F1C00B7D2A6 /* phoneIcon.png */ = {isa = PBXFileReference; lastKnownFileType = image.png; path = phoneIcon.png; sourceTree = "<group>"; };
		A99CCD8117AAEB2500098F41 /* booksTabBarIcon.png */ = {isa = PBXFileReference; lastKnownFileType = image.png; path = booksTabBarIcon.png; sourceTree = "<group>"; };
		A99CCD8217AAEB2500098F41 /* homeTabBarIcon.png */ = {isa = PBXFileReference; lastKnownFileType = image.png; path = homeTabBarIcon.png; sourceTree = "<group>"; };
		A99CCD8317AAEB2500098F41 /* pencilTabBarIcon.png */ = {isa = PBXFileReference; lastKnownFileType = image.png; path = pencilTabBarIcon.png; sourceTree = "<group>"; };
		A99CCD8717AAEC7000098F41 /* InfoViewController.h */ = {isa = PBXFileReference; fileEncoding = 4; lastKnownFileType = sourcecode.c.h; path = InfoViewController.h; sourceTree = "<group>"; };
		A99CCD8817AAEC7000098F41 /* InfoViewController.m */ = {isa = PBXFileReference; fileEncoding = 4; lastKnownFileType = sourcecode.c.objc; path = InfoViewController.m; sourceTree = "<group>"; };
		A99CCD8A17AAEF4000098F41 /* MapKit.framework */ = {isa = PBXFileReference; lastKnownFileType = wrapper.framework; name = MapKit.framework; path = System/Library/Frameworks/MapKit.framework; sourceTree = SDKROOT; };
		A99CCD8F17AC18C100098F41 /* libxml2.dylib */ = {isa = PBXFileReference; lastKnownFileType = "compiled.mach-o.dylib"; name = libxml2.dylib; path = usr/lib/libxml2.dylib; sourceTree = SDKROOT; };
		A99CCDA617ACB43E00098F41 /* SocialIntegrationViewController.h */ = {isa = PBXFileReference; fileEncoding = 4; lastKnownFileType = sourcecode.c.h; path = SocialIntegrationViewController.h; sourceTree = "<group>"; };
		A99CCDA717ACB43E00098F41 /* SocialIntegrationViewController.m */ = {isa = PBXFileReference; fileEncoding = 4; lastKnownFileType = sourcecode.c.objc; path = SocialIntegrationViewController.m; sourceTree = "<group>"; };
		A99CCDAB17ACCB1B00098F41 /* facebookButton.png */ = {isa = PBXFileReference; lastKnownFileType = image.png; path = facebookButton.png; sourceTree = "<group>"; };
		A99CCDAC17ACCB1B00098F41 /* InstagramButton.png */ = {isa = PBXFileReference; lastKnownFileType = image.png; path = InstagramButton.png; sourceTree = "<group>"; };
		A99CCDAD17ACCB1B00098F41 /* TwitterButton.png */ = {isa = PBXFileReference; lastKnownFileType = image.png; path = TwitterButton.png; sourceTree = "<group>"; };
		A9A6218A17A9E45B00F352AA /* HandbookViewController.h */ = {isa = PBXFileReference; fileEncoding = 4; lastKnownFileType = sourcecode.c.h; path = HandbookViewController.h; sourceTree = "<group>"; };
		A9A6218B17A9E45B00F352AA /* HandbookViewController.m */ = {isa = PBXFileReference; fileEncoding = 4; lastKnownFileType = sourcecode.c.objc; path = HandbookViewController.m; sourceTree = "<group>"; };
		A9A6218D17A9EB9400F352AA /* atdLogo.png */ = {isa = PBXFileReference; lastKnownFileType = image.png; path = atdLogo.png; sourceTree = "<group>"; };
		A9A6218F17A9EC3B00F352AA /* borderpx.png */ = {isa = PBXFileReference; lastKnownFileType = image.png; path = borderpx.png; sourceTree = "<group>"; };
		A9A6219317A9EE5100F352AA /* parseLogo.jpg */ = {isa = PBXFileReference; lastKnownFileType = image.jpeg; path = parseLogo.jpg; sourceTree = "<group>"; };
		A9C888D717ADB6D80021DD21 /* Default-568h@2x.png */ = {isa = PBXFileReference; lastKnownFileType = image.png; path = "Default-568h@2x.png"; sourceTree = "<group>"; };
		A9CA3073177A02ED00B11328 /* Juan Diego.app */ = {isa = PBXFileReference; explicitFileType = wrapper.application; includeInIndex = 0; path = "Juan Diego.app"; sourceTree = BUILT_PRODUCTS_DIR; };
		A9CA3076177A02ED00B11328 /* Foundation.framework */ = {isa = PBXFileReference; lastKnownFileType = wrapper.framework; name = Foundation.framework; path = System/Library/Frameworks/Foundation.framework; sourceTree = SDKROOT; };
		A9CA3078177A02ED00B11328 /* CoreGraphics.framework */ = {isa = PBXFileReference; lastKnownFileType = wrapper.framework; name = CoreGraphics.framework; path = System/Library/Frameworks/CoreGraphics.framework; sourceTree = SDKROOT; };
		A9CA307A177A02ED00B11328 /* UIKit.framework */ = {isa = PBXFileReference; lastKnownFileType = wrapper.framework; name = UIKit.framework; path = System/Library/Frameworks/UIKit.framework; sourceTree = SDKROOT; };
		A9CA307E177A02ED00B11328 /* Juan Diego-Info.plist */ = {isa = PBXFileReference; lastKnownFileType = text.plist.xml; path = "Juan Diego-Info.plist"; sourceTree = "<group>"; };
		A9CA3080177A02ED00B11328 /* en */ = {isa = PBXFileReference; lastKnownFileType = text.plist.strings; name = en; path = en.lproj/InfoPlist.strings; sourceTree = "<group>"; };
		A9CA3082177A02ED00B11328 /* main.m */ = {isa = PBXFileReference; lastKnownFileType = sourcecode.c.objc; path = main.m; sourceTree = "<group>"; };
		A9CA3084177A02ED00B11328 /* Juan Diego-Prefix.pch */ = {isa = PBXFileReference; lastKnownFileType = sourcecode.c.h; path = "Juan Diego-Prefix.pch"; sourceTree = "<group>"; };
		A9CA3085177A02ED00B11328 /* AppDelegate.h */ = {isa = PBXFileReference; lastKnownFileType = sourcecode.c.h; path = AppDelegate.h; sourceTree = "<group>"; };
		A9CA3086177A02ED00B11328 /* AppDelegate.m */ = {isa = PBXFileReference; lastKnownFileType = sourcecode.c.objc; path = AppDelegate.m; sourceTree = "<group>"; };
		A9CA3089177A02ED00B11328 /* Base */ = {isa = PBXFileReference; lastKnownFileType = file.storyboard; name = Base; path = Base.lproj/Main.storyboard; sourceTree = "<group>"; };
		A9CA3097177A02ED00B11328 /* Juan DiegoTests.xctest */ = {isa = PBXFileReference; explicitFileType = wrapper.cfbundle; includeInIndex = 0; path = "Juan DiegoTests.xctest"; sourceTree = BUILT_PRODUCTS_DIR; };
		A9CA3098177A02ED00B11328 /* XCTest.framework */ = {isa = PBXFileReference; lastKnownFileType = wrapper.framework; name = XCTest.framework; path = Library/Frameworks/XCTest.framework; sourceTree = DEVELOPER_DIR; };
		A9CA30A0177A02ED00B11328 /* Juan DiegoTests-Info.plist */ = {isa = PBXFileReference; lastKnownFileType = text.plist.xml; path = "Juan DiegoTests-Info.plist"; sourceTree = "<group>"; };
		A9CA30A2177A02ED00B11328 /* en */ = {isa = PBXFileReference; lastKnownFileType = text.plist.strings; name = en; path = en.lproj/InfoPlist.strings; sourceTree = "<group>"; };
		A9CA30A4177A02ED00B11328 /* Juan_DiegoTests.m */ = {isa = PBXFileReference; lastKnownFileType = sourcecode.c.objc; path = Juan_DiegoTests.m; sourceTree = "<group>"; };
		A9F0376C17AF5ABE00DF4AAB /* backgroungImage.png */ = {isa = PBXFileReference; lastKnownFileType = image.png; path = backgroungImage.png; sourceTree = "<group>"; };
/* End PBXFileReference section */

/* Begin PBXFrameworksBuildPhase section */
		A9CA3070177A02ED00B11328 /* Frameworks */ = {
			isa = PBXFrameworksBuildPhase;
			buildActionMask = 2147483647;
			files = (
				A99CCD9017AC18C100098F41 /* libxml2.dylib in Frameworks */,
				A91CE55F17A1C5B200C5743C /* libz.1.1.3.dylib in Frameworks */,
				A99CCD8B17AAEF4000098F41 /* MapKit.framework in Frameworks */,
				A91CE56917A1C5DE00C5743C /* SystemConfiguration.framework in Frameworks */,
				A91CE56517A1C5CA00C5743C /* Security.framework in Frameworks */,
				A91CE56317A1C5C200C5743C /* QuartzCore.framework in Frameworks */,
				A91CE56117A1C5BB00C5743C /* MobileCoreServices.framework in Frameworks */,
				A91CE55D17A1C59C00C5743C /* CoreLocation.framework in Frameworks */,
				A9CA3079177A02ED00B11328 /* CoreGraphics.framework in Frameworks */,
				A91CE55B17A1C58800C5743C /* CFNetwork.framework in Frameworks */,
				A91CE55917A1C58000C5743C /* AudioToolbox.framework in Frameworks */,
				A9CA307B177A02ED00B11328 /* UIKit.framework in Frameworks */,
				A91CE55617A1C55000C5743C /* Parse.framework in Frameworks */,
				A9CA3077177A02ED00B11328 /* Foundation.framework in Frameworks */,
			);
			runOnlyForDeploymentPostprocessing = 0;
		};
		A9CA3094177A02ED00B11328 /* Frameworks */ = {
			isa = PBXFrameworksBuildPhase;
			buildActionMask = 2147483647;
			files = (
				A9CA3099177A02ED00B11328 /* XCTest.framework in Frameworks */,
				A9CA309B177A02ED00B11328 /* UIKit.framework in Frameworks */,
				A91CE55717A1C55000C5743C /* Parse.framework in Frameworks */,
				A9CA309A177A02ED00B11328 /* Foundation.framework in Frameworks */,
			);
			runOnlyForDeploymentPostprocessing = 0;
		};
/* End PBXFrameworksBuildPhase section */

/* Begin PBXGroup section */
		A92A5E3917B0437700F3AD31 /* Google Calendar */ = {
			isa = PBXGroup;
			children = (
				A92A5E3017B0437100F3AD31 /* GoogCal.h */,
				A92A5E3117B0437100F3AD31 /* GoogCal.m */,
				A92A5E3217B0437100F3AD31 /* GoogleCalenderReader-Info.plist */,
				A92A5E3317B0437100F3AD31 /* GoogleCalenderReader-Prefix.pch */,
				A92A5E3417B0437100F3AD31 /* ISO8601DateFormatter.h */,
				A92A5E3517B0437100F3AD31 /* ISO8601DateFormatter.m */,
			);
			name = "Google Calendar";
			sourceTree = "<group>";
		};
		A954E14D17B06612003B6605 /* Handbook */ = {
			isa = PBXGroup;
			children = (
				A9A6218A17A9E45B00F352AA /* HandbookViewController.h */,
				A9A6218B17A9E45B00F352AA /* HandbookViewController.m */,
			);
			name = Handbook;
			sourceTree = "<group>";
		};
		A954E14E17B0661E003B6605 /* Contact */ = {
			isa = PBXGroup;
			children = (
				A99CCD8717AAEC7000098F41 /* InfoViewController.h */,
				A99CCD8817AAEC7000098F41 /* InfoViewController.m */,
			);
			name = Contact;
			sourceTree = "<group>";
		};
		A954E14F17B06626003B6605 /* Social */ = {
			isa = PBXGroup;
			children = (
				A99CCDA617ACB43E00098F41 /* SocialIntegrationViewController.h */,
				A99CCDA717ACB43E00098F41 /* SocialIntegrationViewController.m */,
			);
			name = Social;
			sourceTree = "<group>";
		};
		A96B0FE617A8240000447D0A /* AppDelegate/Storyboard */ = {
			isa = PBXGroup;
			children = (
				A9CA3085177A02ED00B11328 /* AppDelegate.h */,
				A9CA3086177A02ED00B11328 /* AppDelegate.m */,
				A9CA3088177A02ED00B11328 /* Main.storyboard */,
			);
			name = AppDelegate/Storyboard;
			sourceTree = "<group>";
		};
		A96B0FE717A8241500447D0A /* Home */ = {
			isa = PBXGroup;
			children = (
				A960C02A17B16740003ABDC3 /* HomeViewController.h */,
				A960C02B17B16740003ABDC3 /* HomeViewController.m */,
				A92A5E3917B0437700F3AD31 /* Google Calendar */,
			);
			name = Home;
			sourceTree = "<group>";
		};
		A96B0FE817A8242400447D0A /* PowerSchool */ = {
			isa = PBXGroup;
			children = (
				A989086A17BBE6F000B7D2A6 /* PowerschoolViewController.h */,
				A989086B17BBE6F000B7D2A6 /* PowerschoolViewController.m */,
			);
			name = PowerSchool;
			sourceTree = "<group>";
		};
		A96B0FE917A8243100447D0A /* More */ = {
			isa = PBXGroup;
			children = (
				A954E14D17B06612003B6605 /* Handbook */,
				A954E14E17B0661E003B6605 /* Contact */,
				A954E14F17B06626003B6605 /* Social */,
			);
			name = More;
			sourceTree = "<group>";
		};
		A96B0FEA17A8243800447D0A /* Planner */ = {
			isa = PBXGroup;
			children = (
				A966DB8417EA0A49002B0A61 /* AddPlannerItemViewController.h */,
				A966DB8517EA0A49002B0A61 /* AddPlannerItemViewController.m */,
				A966DB8117E9342D002B0A61 /* PlannerViewController.h */,
				A966DB8217E9342D002B0A61 /* PlannerViewController.m */,
			);
			name = Planner;
			sourceTree = "<group>";
		};
		A99CCD9D17AC619F00098F41 /* Tab Bar Icons */ = {
			isa = PBXGroup;
			children = (
				A99CCD8117AAEB2500098F41 /* booksTabBarIcon.png */,
				A99CCD8217AAEB2500098F41 /* homeTabBarIcon.png */,
				A99CCD8317AAEB2500098F41 /* pencilTabBarIcon.png */,
			);
			name = "Tab Bar Icons";
			sourceTree = "<group>";
		};
		A99CCD9E17AC61FE00098F41 /* Logos */ = {
			isa = PBXGroup;
			children = (
				A91CE55217A1C12000C5743C /* powerschoolLogo.png */,
				A902A7EB17E3A1B100A16863 /* juanDiegoLogo.jpg */,
				A9A6219317A9EE5100F352AA /* parseLogo.jpg */,
				A9A6218D17A9EB9400F352AA /* atdLogo.png */,
			);
			name = Logos;
			sourceTree = "<group>";
		};
		A99CCD9F17AC622C00098F41 /* App Icons */ = {
			isa = PBXGroup;
			children = (
				A97AB45C17A74124003DB7AB /* appIcon@2x.png */,
				A97AB45417A73DE8003DB7AB /* Icon-Small@2x.png */,
				A97AB45E17A7415D003DB7AB /* appIconSpotlight@2x.png */,
			);
			name = "App Icons";
			sourceTree = "<group>";
		};
		A99CCDA017AC625B00098F41 /* Misc. */ = {
			isa = PBXGroup;
			children = (
				A93F8E1917D2546B00E1D6B1 /* Handbook.pdf */,
				A9CA307E177A02ED00B11328 /* Juan Diego-Info.plist */,
				A9CA307F177A02ED00B11328 /* InfoPlist.strings */,
				A9CA3082177A02ED00B11328 /* main.m */,
				A9CA3084177A02ED00B11328 /* Juan Diego-Prefix.pch */,
			);
			name = Misc.;
			sourceTree = "<group>";
		};
		A99CCDA117AC627500098F41 /* UI Elements */ = {
			isa = PBXGroup;
			children = (
				A93EEB9517C2E09C005A8A3C /* youtube.png */,
				A989087817BD2F1C00B7D2A6 /* phoneIcon.png */,
				A9F0376C17AF5ABE00DF4AAB /* backgroungImage.png */,
				A99CCDAB17ACCB1B00098F41 /* facebookButton.png */,
				A99CCDAC17ACCB1B00098F41 /* InstagramButton.png */,
				A99CCDAD17ACCB1B00098F41 /* TwitterButton.png */,
				A9C888D717ADB6D80021DD21 /* Default-568h@2x.png */,
				A94AC72C17BAA2CD008143A3 /* splashScreen.png */,
				A9A6218F17A9EC3B00F352AA /* borderpx.png */,
			);
			name = "UI Elements";
			sourceTree = "<group>";
		};
		A99CCDA217AC628500098F41 /* Sounds */ = {
			isa = PBXGroup;
			children = (
				A9075B1617A9992F000C2134 /* eagle.mp3 */,
			);
			name = Sounds;
			sourceTree = "<group>";
		};
		A9CA306A177A02ED00B11328 = {
			isa = PBXGroup;
			children = (
				A9CA307C177A02ED00B11328 /* Juan Diego */,
				A9CA309E177A02ED00B11328 /* Juan DiegoTests */,
				A9CA3075177A02ED00B11328 /* Frameworks */,
				A9CA3074177A02ED00B11328 /* Products */,
			);
			sourceTree = "<group>";
		};
		A9CA3074177A02ED00B11328 /* Products */ = {
			isa = PBXGroup;
			children = (
				A9CA3073177A02ED00B11328 /* Juan Diego.app */,
				A9CA3097177A02ED00B11328 /* Juan DiegoTests.xctest */,
			);
			name = Products;
			sourceTree = "<group>";
		};
		A9CA3075177A02ED00B11328 /* Frameworks */ = {
			isa = PBXGroup;
			children = (
				A99CCD8F17AC18C100098F41 /* libxml2.dylib */,
				A99CCD8A17AAEF4000098F41 /* MapKit.framework */,
				A91CE56817A1C5DE00C5743C /* SystemConfiguration.framework */,
				A91CE56417A1C5CA00C5743C /* Security.framework */,
				A91CE56217A1C5C200C5743C /* QuartzCore.framework */,
				A91CE56017A1C5BB00C5743C /* MobileCoreServices.framework */,
				A91CE55E17A1C5B200C5743C /* libz.1.1.3.dylib */,
				A91CE55C17A1C59C00C5743C /* CoreLocation.framework */,
				A91CE55A17A1C58800C5743C /* CFNetwork.framework */,
				A91CE55817A1C58000C5743C /* AudioToolbox.framework */,
				A91CE55517A1C55000C5743C /* Parse.framework */,
				A9CA3076177A02ED00B11328 /* Foundation.framework */,
				A9CA3078177A02ED00B11328 /* CoreGraphics.framework */,
				A9CA307A177A02ED00B11328 /* UIKit.framework */,
				A9CA3098177A02ED00B11328 /* XCTest.framework */,
			);
			name = Frameworks;
			sourceTree = "<group>";
		};
		A9CA307C177A02ED00B11328 /* Juan Diego */ = {
			isa = PBXGroup;
			children = (
				A96B0FE617A8240000447D0A /* AppDelegate/Storyboard */,
				A96B0FE717A8241500447D0A /* Home */,
				A96B0FEA17A8243800447D0A /* Planner */,
				A96B0FE817A8242400447D0A /* PowerSchool */,
				A96B0FE917A8243100447D0A /* More */,
				A9CA307D177A02ED00B11328 /* Supporting Files */,
			);
			path = "Juan Diego";
			sourceTree = "<group>";
		};
		A9CA307D177A02ED00B11328 /* Supporting Files */ = {
			isa = PBXGroup;
			children = (
				A99CCDA217AC628500098F41 /* Sounds */,
				A99CCDA117AC627500098F41 /* UI Elements */,
				A99CCD9F17AC622C00098F41 /* App Icons */,
				A99CCD9E17AC61FE00098F41 /* Logos */,
				A99CCDA017AC625B00098F41 /* Misc. */,
				A99CCD9D17AC619F00098F41 /* Tab Bar Icons */,
			);
			name = "Supporting Files";
			sourceTree = "<group>";
		};
		A9CA309E177A02ED00B11328 /* Juan DiegoTests */ = {
			isa = PBXGroup;
			children = (
				A9CA30A4177A02ED00B11328 /* Juan_DiegoTests.m */,
				A9CA309F177A02ED00B11328 /* Supporting Files */,
			);
			path = "Juan DiegoTests";
			sourceTree = "<group>";
		};
		A9CA309F177A02ED00B11328 /* Supporting Files */ = {
			isa = PBXGroup;
			children = (
				A9CA30A0177A02ED00B11328 /* Juan DiegoTests-Info.plist */,
				A9CA30A1177A02ED00B11328 /* InfoPlist.strings */,
			);
			name = "Supporting Files";
			sourceTree = "<group>";
		};
/* End PBXGroup section */

/* Begin PBXNativeTarget section */
		A9CA3072177A02ED00B11328 /* Juan Diego */ = {
			isa = PBXNativeTarget;
			buildConfigurationList = A9CA30A8177A02ED00B11328 /* Build configuration list for PBXNativeTarget "Juan Diego" */;
			buildPhases = (
				A9CA306F177A02ED00B11328 /* Sources */,
				A9CA3070177A02ED00B11328 /* Frameworks */,
				A9CA3071177A02ED00B11328 /* Resources */,
			);
			buildRules = (
			);
			dependencies = (
			);
			name = "Juan Diego";
			productName = "Juan Diego";
			productReference = A9CA3073177A02ED00B11328 /* Juan Diego.app */;
			productType = "com.apple.product-type.application";
		};
		A9CA3096177A02ED00B11328 /* Juan DiegoTests */ = {
			isa = PBXNativeTarget;
			buildConfigurationList = A9CA30AB177A02ED00B11328 /* Build configuration list for PBXNativeTarget "Juan DiegoTests" */;
			buildPhases = (
				A9CA3093177A02ED00B11328 /* Sources */,
				A9CA3094177A02ED00B11328 /* Frameworks */,
				A9CA3095177A02ED00B11328 /* Resources */,
			);
			buildRules = (
			);
			dependencies = (
				A9CA309D177A02ED00B11328 /* PBXTargetDependency */,
			);
			name = "Juan DiegoTests";
			productName = "Juan DiegoTests";
			productReference = A9CA3097177A02ED00B11328 /* Juan DiegoTests.xctest */;
			productType = "com.apple.product-type.bundle.unit-test";
		};
/* End PBXNativeTarget section */

/* Begin PBXProject section */
		A9CA306B177A02ED00B11328 /* Project object */ = {
			isa = PBXProject;
			attributes = {
				LastUpgradeCheck = 0500;
				ORGANIZATIONNAME = ATD;
				TargetAttributes = {
					A9CA3072177A02ED00B11328 = {
						DevelopmentTeam = FBRZUZZF5Q;
						SystemCapabilities = {
							com.apple.InAppPurchase = {
								enabled = 0;
							};
						};
					};
					A9CA3096177A02ED00B11328 = {
						TestTargetID = A9CA3072177A02ED00B11328;
					};
				};
			};
			buildConfigurationList = A9CA306E177A02ED00B11328 /* Build configuration list for PBXProject "Juan Diego" */;
			compatibilityVersion = "Xcode 3.2";
			developmentRegion = English;
			hasScannedForEncodings = 0;
			knownRegions = (
				en,
				Base,
				English,
			);
			mainGroup = A9CA306A177A02ED00B11328;
			productRefGroup = A9CA3074177A02ED00B11328 /* Products */;
			projectDirPath = "";
			projectRoot = "";
			targets = (
				A9CA3072177A02ED00B11328 /* Juan Diego */,
				A9CA3096177A02ED00B11328 /* Juan DiegoTests */,
			);
		};
/* End PBXProject section */

/* Begin PBXResourcesBuildPhase section */
		A9CA3071177A02ED00B11328 /* Resources */ = {
			isa = PBXResourcesBuildPhase;
			buildActionMask = 2147483647;
			files = (
				A91CE55317A1C12000C5743C /* powerschoolLogo.png in Resources */,
				A99CCD8517AAEB2500098F41 /* homeTabBarIcon.png in Resources */,
				A97AB45F17A7415D003DB7AB /* appIconSpotlight@2x.png in Resources */,
				A9F0376D17AF5ABE00DF4AAB /* backgroungImage.png in Resources */,
				A9A6219017A9EC3B00F352AA /* borderpx.png in Resources */,
				A99CCDAF17ACCB1B00098F41 /* InstagramButton.png in Resources */,
				A9A6218E17A9EB9400F352AA /* atdLogo.png in Resources */,
				A902A7EC17E3A1B100A16863 /* juanDiegoLogo.jpg in Resources */,
				A9075B1717A9992F000C2134 /* eagle.mp3 in Resources */,
				A93EEB9617C2E09C005A8A3C /* youtube.png in Resources */,
				A97AB45D17A74124003DB7AB /* appIcon@2x.png in Resources */,
				A97AB45617A73DE8003DB7AB /* Icon-Small@2x.png in Resources */,
				A9A6219417A9EE5100F352AA /* parseLogo.jpg in Resources */,
				A92A5E3717B0437100F3AD31 /* GoogleCalenderReader-Info.plist in Resources */,
				A94AC72D17BAA2CD008143A3 /* splashScreen.png in Resources */,
				A9C888D817ADB6D80021DD21 /* Default-568h@2x.png in Resources */,
				A99CCDAE17ACCB1B00098F41 /* facebookButton.png in Resources */,
				A99CCD8617AAEB2500098F41 /* pencilTabBarIcon.png in Resources */,
				A93F8E1A17D2546B00E1D6B1 /* Handbook.pdf in Resources */,
				A9CA3081177A02ED00B11328 /* InfoPlist.strings in Resources */,
				A9CA308A177A02ED00B11328 /* Main.storyboard in Resources */,
				A99CCD8417AAEB2500098F41 /* booksTabBarIcon.png in Resources */,
				A99CCDB017ACCB1B00098F41 /* TwitterButton.png in Resources */,
				A989087917BD2F1C00B7D2A6 /* phoneIcon.png in Resources */,
			);
			runOnlyForDeploymentPostprocessing = 0;
		};
		A9CA3095177A02ED00B11328 /* Resources */ = {
			isa = PBXResourcesBuildPhase;
			buildActionMask = 2147483647;
			files = (
				A9CA30A3177A02ED00B11328 /* InfoPlist.strings in Resources */,
				A91CE55417A1C12000C5743C /* powerschoolLogo.png in Resources */,
			);
			runOnlyForDeploymentPostprocessing = 0;
		};
/* End PBXResourcesBuildPhase section */

/* Begin PBXSourcesBuildPhase section */
		A9CA306F177A02ED00B11328 /* Sources */ = {
			isa = PBXSourcesBuildPhase;
			buildActionMask = 2147483647;
			files = (
				A9A6218C17A9E45B00F352AA /* HandbookViewController.m in Sources */,
				A99CCD8917AAEC7000098F41 /* InfoViewController.m in Sources */,
				A92A5E3617B0437100F3AD31 /* GoogCal.m in Sources */,
				A92A5E3817B0437100F3AD31 /* ISO8601DateFormatter.m in Sources */,
				A99CCDA817ACB43E00098F41 /* SocialIntegrationViewController.m in Sources */,
				A966DB8617EA0A49002B0A61 /* AddPlannerItemViewController.m in Sources */,
				A9CA3087177A02ED00B11328 /* AppDelegate.m in Sources */,
				A960C02C17B16740003ABDC3 /* HomeViewController.m in Sources */,
				A9CA3083177A02ED00B11328 /* main.m in Sources */,
				A989086C17BBE6F000B7D2A6 /* PowerschoolViewController.m in Sources */,
				A966DB8317E9342D002B0A61 /* PlannerViewController.m in Sources */,
			);
			runOnlyForDeploymentPostprocessing = 0;
		};
		A9CA3093177A02ED00B11328 /* Sources */ = {
			isa = PBXSourcesBuildPhase;
			buildActionMask = 2147483647;
			files = (
				A9CA30A5177A02ED00B11328 /* Juan_DiegoTests.m in Sources */,
			);
			runOnlyForDeploymentPostprocessing = 0;
		};
/* End PBXSourcesBuildPhase section */

/* Begin PBXTargetDependency section */
		A9CA309D177A02ED00B11328 /* PBXTargetDependency */ = {
			isa = PBXTargetDependency;
			target = A9CA3072177A02ED00B11328 /* Juan Diego */;
			targetProxy = A9CA309C177A02ED00B11328 /* PBXContainerItemProxy */;
		};
/* End PBXTargetDependency section */

/* Begin PBXVariantGroup section */
		A9CA307F177A02ED00B11328 /* InfoPlist.strings */ = {
			isa = PBXVariantGroup;
			children = (
				A9CA3080177A02ED00B11328 /* en */,
			);
			name = InfoPlist.strings;
			sourceTree = "<group>";
		};
		A9CA3088177A02ED00B11328 /* Main.storyboard */ = {
			isa = PBXVariantGroup;
			children = (
				A9CA3089177A02ED00B11328 /* Base */,
			);
			name = Main.storyboard;
			sourceTree = "<group>";
		};
		A9CA30A1177A02ED00B11328 /* InfoPlist.strings */ = {
			isa = PBXVariantGroup;
			children = (
				A9CA30A2177A02ED00B11328 /* en */,
			);
			name = InfoPlist.strings;
			sourceTree = "<group>";
		};
/* End PBXVariantGroup section */

/* Begin XCBuildConfiguration section */
		A9CA30A6177A02ED00B11328 /* Debug */ = {
			isa = XCBuildConfiguration;
			buildSettings = {
				ALWAYS_SEARCH_USER_PATHS = NO;
				CLANG_CXX_LANGUAGE_STANDARD = "gnu++0x";
				CLANG_CXX_LIBRARY = "libc++";
				CLANG_ENABLE_MODULES = YES;
				CLANG_ENABLE_OBJC_ARC = YES;
				CLANG_WARN_BOOL_CONVERSION = YES;
				CLANG_WARN_CONSTANT_CONVERSION = YES;
				CLANG_WARN_DIRECT_OBJC_ISA_USAGE = YES_ERROR;
				CLANG_WARN_EMPTY_BODY = YES;
				CLANG_WARN_ENUM_CONVERSION = YES;
				CLANG_WARN_INT_CONVERSION = YES;
				CLANG_WARN_OBJC_ROOT_CLASS = YES_ERROR;
				CLANG_WARN__DUPLICATE_METHOD_MATCH = YES;
				"CODE_SIGN_IDENTITY[sdk=iphoneos*]" = "iPhone Developer";
				COPY_PHASE_STRIP = NO;
				GCC_C_LANGUAGE_STANDARD = gnu99;
				GCC_DYNAMIC_NO_PIC = NO;
				GCC_OPTIMIZATION_LEVEL = 0;
				GCC_PREPROCESSOR_DEFINITIONS = (
					"DEBUG=1",
					"$(inherited)",
				);
				GCC_SYMBOLS_PRIVATE_EXTERN = NO;
				GCC_WARN_ABOUT_RETURN_TYPE = YES_ERROR;
				GCC_WARN_UNDECLARED_SELECTOR = YES;
				GCC_WARN_UNINITIALIZED_AUTOS = YES;
				GCC_WARN_UNUSED_FUNCTION = YES;
				GCC_WARN_UNUSED_VARIABLE = YES;
				IPHONEOS_DEPLOYMENT_TARGET = 7.0;
				ONLY_ACTIVE_ARCH = YES;
				SDKROOT = iphoneos;
			};
			name = Debug;
		};
		A9CA30A7177A02ED00B11328 /* Release */ = {
			isa = XCBuildConfiguration;
			buildSettings = {
				ALWAYS_SEARCH_USER_PATHS = NO;
				CLANG_CXX_LANGUAGE_STANDARD = "gnu++0x";
				CLANG_CXX_LIBRARY = "libc++";
				CLANG_ENABLE_MODULES = YES;
				CLANG_ENABLE_OBJC_ARC = YES;
				CLANG_WARN_BOOL_CONVERSION = YES;
				CLANG_WARN_CONSTANT_CONVERSION = YES;
				CLANG_WARN_DIRECT_OBJC_ISA_USAGE = YES_ERROR;
				CLANG_WARN_EMPTY_BODY = YES;
				CLANG_WARN_ENUM_CONVERSION = YES;
				CLANG_WARN_INT_CONVERSION = YES;
				CLANG_WARN_OBJC_ROOT_CLASS = YES_ERROR;
				CLANG_WARN__DUPLICATE_METHOD_MATCH = YES;
				"CODE_SIGN_IDENTITY[sdk=iphoneos*]" = "iPhone Developer";
				COPY_PHASE_STRIP = YES;
				ENABLE_NS_ASSERTIONS = NO;
				GCC_C_LANGUAGE_STANDARD = gnu99;
				GCC_WARN_ABOUT_RETURN_TYPE = YES_ERROR;
				GCC_WARN_UNDECLARED_SELECTOR = YES;
				GCC_WARN_UNINITIALIZED_AUTOS = YES;
				GCC_WARN_UNUSED_FUNCTION = YES;
				GCC_WARN_UNUSED_VARIABLE = YES;
				IPHONEOS_DEPLOYMENT_TARGET = 7.0;
				SDKROOT = iphoneos;
				VALIDATE_PRODUCT = YES;
			};
			name = Release;
		};
		A9CA30A9177A02ED00B11328 /* Debug */ = {
			isa = XCBuildConfiguration;
			buildSettings = {
				CODE_SIGN_IDENTITY = "iPhone Developer";
				"CODE_SIGN_IDENTITY[sdk=iphoneos*]" = "iPhone Developer";
				FRAMEWORK_SEARCH_PATHS = "/Users/austintrujillo/Documents/Developer/Apps/Juan\\ Diego";
				GCC_PRECOMPILE_PREFIX_HEADER = YES;
				GCC_PREFIX_HEADER = "Juan Diego/Juan Diego-Prefix.pch";
				"HEADER_SEARCH_PATHS[arch=*]" = /usr/include/libxml2;
				INFOPLIST_FILE = "Juan Diego/Juan Diego-Info.plist";
				IPHONEOS_DEPLOYMENT_TARGET = 7.0;
				PRODUCT_NAME = "$(TARGET_NAME)";
				PROVISIONING_PROFILE = "";
				TARGETED_DEVICE_FAMILY = 1;
				WRAPPER_EXTENSION = app;
			};
			name = Debug;
		};
		A9CA30AA177A02ED00B11328 /* Release */ = {
			isa = XCBuildConfiguration;
			buildSettings = {
				CODE_SIGN_IDENTITY = "iPhone Developer";
				"CODE_SIGN_IDENTITY[sdk=iphoneos*]" = "iPhone Developer";
				FRAMEWORK_SEARCH_PATHS = "/Users/austintrujillo/Documents/Developer/Apps/Juan\\ Diego";
				GCC_PRECOMPILE_PREFIX_HEADER = YES;
				GCC_PREFIX_HEADER = "Juan Diego/Juan Diego-Prefix.pch";
				INFOPLIST_FILE = "Juan Diego/Juan Diego-Info.plist";
				IPHONEOS_DEPLOYMENT_TARGET = 7.0;
				PRODUCT_NAME = "$(TARGET_NAME)";
				PROVISIONING_PROFILE = "";
				TARGETED_DEVICE_FAMILY = 1;
				WRAPPER_EXTENSION = app;
			};
			name = Release;
		};
		A9CA30AC177A02ED00B11328 /* Debug */ = {
			isa = XCBuildConfiguration;
			buildSettings = {
				BUNDLE_LOADER = "$(BUILT_PRODUCTS_DIR)/Juan Diego.app/Juan Diego";
				FRAMEWORK_SEARCH_PATHS = (
					"$(SDKROOT)/Developer/Library/Frameworks",
					"$(inherited)",
					"$(SYSTEM_APPS_DIR)/Xcode5-DP2.app/Contents/Developer/Library/Frameworks",
					"$(SRCROOT)",
				);
				GCC_PRECOMPILE_PREFIX_HEADER = YES;
				GCC_PREFIX_HEADER = "Juan Diego/Juan Diego-Prefix.pch";
				GCC_PREPROCESSOR_DEFINITIONS = (
					"DEBUG=1",
					"$(inherited)",
				);
				INFOPLIST_FILE = "Juan DiegoTests/Juan DiegoTests-Info.plist";
				PRODUCT_NAME = "$(TARGET_NAME)";
				TEST_HOST = "$(BUNDLE_LOADER)";
				WRAPPER_EXTENSION = xctest;
			};
			name = Debug;
		};
		A9CA30AD177A02ED00B11328 /* Release */ = {
			isa = XCBuildConfiguration;
			buildSettings = {
				BUNDLE_LOADER = "$(BUILT_PRODUCTS_DIR)/Juan Diego.app/Juan Diego";
				FRAMEWORK_SEARCH_PATHS = (
					"$(SDKROOT)/Developer/Library/Frameworks",
					"$(inherited)",
					"$(SYSTEM_APPS_DIR)/Xcode5-DP2.app/Contents/Developer/Library/Frameworks",
					"$(SRCROOT)",
				);
				GCC_PRECOMPILE_PREFIX_HEADER = YES;
				GCC_PREFIX_HEADER = "Juan Diego/Juan Diego-Prefix.pch";
				INFOPLIST_FILE = "Juan DiegoTests/Juan DiegoTests-Info.plist";
				PRODUCT_NAME = "$(TARGET_NAME)";
				TEST_HOST = "$(BUNDLE_LOADER)";
				WRAPPER_EXTENSION = xctest;
			};
			name = Release;
		};
/* End XCBuildConfiguration section */

/* Begin XCConfigurationList section */
		A9CA306E177A02ED00B11328 /* Build configuration list for PBXProject "Juan Diego" */ = {
			isa = XCConfigurationList;
			buildConfigurations = (
				A9CA30A6177A02ED00B11328 /* Debug */,
				A9CA30A7177A02ED00B11328 /* Release */,
			);
			defaultConfigurationIsVisible = 0;
			defaultConfigurationName = Release;
		};
		A9CA30A8177A02ED00B11328 /* Build configuration list for PBXNativeTarget "Juan Diego" */ = {
			isa = XCConfigurationList;
			buildConfigurations = (
				A9CA30A9177A02ED00B11328 /* Debug */,
				A9CA30AA177A02ED00B11328 /* Release */,
			);
			defaultConfigurationIsVisible = 0;
			defaultConfigurationName = Release;
		};
		A9CA30AB177A02ED00B11328 /* Build configuration list for PBXNativeTarget "Juan DiegoTests" */ = {
			isa = XCConfigurationList;
			buildConfigurations = (
				A9CA30AC177A02ED00B11328 /* Debug */,
				A9CA30AD177A02ED00B11328 /* Release */,
			);
			defaultConfigurationIsVisible = 0;
			defaultConfigurationName = Release;
		};
/* End XCConfigurationList section */
	};
	rootObject = A9CA306B177A02ED00B11328 /* Project object */;
}
